
Microsoft Visual Studio Solution File, Format Version 12.00
# Visual Studio Version 17
VisualStudioVersion = 17.3.32922.545
MinimumVisualStudioVersion = 10.0.40219.1
Project("{9A19103F-16F7-4668-BE54-9A1E7A4F7556}") = "TruckDriverInfo", "TruckDriverInfo\TruckDriverInfo.csproj", "{7B601765-8C75-42F4-B5C5-C1EFCBB75F25}"
EndProject
Project("{FAE04EC0-301F-11D3-BF4B-00C04F79EFBC}") = "TruckDriverInfo.Tests", "TruckDriverInfoTests\TruckDriverInfo.Tests.csproj", "{6FC8F949-83DF-47EB-BC19-4D6D4C24E53F}"
EndProject
Global
	GlobalSection(SolutionConfigurationPlatforms) = preSolution
		Debug|Any CPU = Debug|Any CPU
		Release|Any CPU = Release|Any CPU
	EndGlobalSection
	GlobalSection(ProjectConfigurationPlatforms) = postSolution
		{7B601765-8C75-42F4-B5C5-C1EFCBB75F25}.Debug|Any CPU.ActiveCfg = Debug|Any CPU
		{7B601765-8C75-42F4-B5C5-C1EFCBB75F25}.Debug|Any CPU.Build.0 = Debug|Any CPU
		{7B601765-8C75-42F4-B5C5-C1EFCBB75F25}.Release|Any CPU.ActiveCfg = Release|Any CPU
		{7B601765-8C75-42F4-B5C5-C1EFCBB75F25}.Release|Any CPU.Build.0 = Release|Any CPU
		{6FC8F949-83DF-47EB-BC19-4D6D4C24E53F}.Debug|Any CPU.ActiveCfg = Debug|Any CPU
		{6FC8F949-83DF-47EB-BC19-4D6D4C24E53F}.Debug|Any CPU.Build.0 = Debug|Any CPU
		{6FC8F949-83DF-47EB-BC19-4D6D4C24E53F}.Release|Any CPU.ActiveCfg = Release|Any CPU
		{6FC8F949-83DF-47EB-BC19-4D6D4C24E53F}.Release|Any CPU.Build.0 = Release|Any CPU
	EndGlobalSection
	GlobalSection(SolutionProperties) = preSolution
		HideSolutionNode = FALSE
	EndGlobalSection
	GlobalSection(ExtensibilityGlobals) = postSolution
		SolutionGuid = {BF408377-3DB7-47FB-BE56-70D4168154C2}
	EndGlobalSection
EndGlobal
